
Microsoft Visual Studio Solution File, Format Version 12.00
# Visual Studio Version 16
VisualStudioVersion = 16.0.31911.196
MinimumVisualStudioVersion = 10.0.40219.1
Project("{FAE04EC0-301F-11D3-BF4B-00C04F79EFBC}") = "DrawingModel", "DrawingModel.csproj", "{63813B31-B9F6-43ED-AFDA-F2F08E139026}"
EndProject
Project("{FAE04EC0-301F-11D3-BF4B-00C04F79EFBC}") = "DrawingForm", "..\DrawingForm\DrawingForm.csproj", "{AC9690D2-BA84-4C8D-BAB1-EA460484C853}"
EndProject
Project("{FAE04EC0-301F-11D3-BF4B-00C04F79EFBC}") = "DrawingApp", "..\DrawingApp\DrawingApp.csproj", "{BC2A76EC-1DB2-4E9C-BA00-B047593E7ADE}"
EndProject
Global
	GlobalSection(SolutionConfigurationPlatforms) = preSolution
		Debug|Any CPU = Debug|Any CPU
		Debug|ARM = Debug|ARM
		Debug|ARM64 = Debug|ARM64
		Debug|x64 = Debug|x64
		Debug|x86 = Debug|x86
		Release|Any CPU = Release|Any CPU
		Release|ARM = Release|ARM
		Release|ARM64 = Release|ARM64
		Release|x64 = Release|x64
		Release|x86 = Release|x86
	EndGlobalSection
	GlobalSection(ProjectConfigurationPlatforms) = postSolution
		{63813B31-B9F6-43ED-AFDA-F2F08E139026}.Debug|Any CPU.ActiveCfg = Debug|Any CPU
		{63813B31-B9F6-43ED-AFDA-F2F08E139026}.Debug|Any CPU.Build.0 = Debug|Any CPU
		{63813B31-B9F6-43ED-AFDA-F2F08E139026}.Debug|ARM.ActiveCfg = Debug|Any CPU
		{63813B31-B9F6-43ED-AFDA-F2F08E139026}.Debug|ARM.Build.0 = Debug|Any CPU
		{63813B31-B9F6-43ED-AFDA-F2F08E139026}.Debug|ARM64.ActiveCfg = Debug|Any CPU
		{63813B31-B9F6-43ED-AFDA-F2F08E139026}.Debug|ARM64.Build.0 = Debug|Any CPU
		{63813B31-B9F6-43ED-AFDA-F2F08E139026}.Debug|x64.ActiveCfg = Debug|Any CPU
		{63813B31-B9F6-43ED-AFDA-F2F08E139026}.Debug|x64.Build.0 = Debug|Any CPU
		{63813B31-B9F6-43ED-AFDA-F2F08E139026}.Debug|x86.ActiveCfg = Debug|Any CPU
		{63813B31-B9F6-43ED-AFDA-F2F08E139026}.Debug|x86.Build.0 = Debug|Any CPU
		{63813B31-B9F6-43ED-AFDA-F2F08E139026}.Release|Any CPU.ActiveCfg = Release|Any CPU
		{63813B31-B9F6-43ED-AFDA-F2F08E139026}.Release|Any CPU.Build.0 = Release|Any CPU
		{63813B31-B9F6-43ED-AFDA-F2F08E139026}.Release|ARM.ActiveCfg = Release|Any CPU
		{63813B31-B9F6-43ED-AFDA-F2F08E139026}.Release|ARM.Build.0 = Release|Any CPU
		{63813B31-B9F6-43ED-AFDA-F2F08E139026}.Release|ARM64.ActiveCfg = Release|Any CPU
		{63813B31-B9F6-43ED-AFDA-F2F08E139026}.Release|ARM64.Build.0 = Release|Any CPU
		{63813B31-B9F6-43ED-AFDA-F2F08E139026}.Release|x64.ActiveCfg = Release|Any CPU
		{63813B31-B9F6-43ED-AFDA-F2F08E139026}.Release|x64.Build.0 = Release|Any CPU
		{63813B31-B9F6-43ED-AFDA-F2F08E139026}.Release|x86.ActiveCfg = Release|Any CPU
		{63813B31-B9F6-43ED-AFDA-F2F08E139026}.Release|x86.Build.0 = Release|Any CPU
		{AC9690D2-BA84-4C8D-BAB1-EA460484C853}.Debug|Any CPU.ActiveCfg = Debug|Any CPU
		{AC9690D2-BA84-4C8D-BAB1-EA460484C853}.Debug|Any CPU.Build.0 = Debug|Any CPU
		{AC9690D2-BA84-4C8D-BAB1-EA460484C853}.Debug|ARM.ActiveCfg = Debug|Any CPU
		{AC9690D2-BA84-4C8D-BAB1-EA460484C853}.Debug|ARM.Build.0 = Debug|Any CPU
		{AC9690D2-BA84-4C8D-BAB1-EA460484C853}.Debug|ARM64.ActiveCfg = Debug|Any CPU
		{AC9690D2-BA84-4C8D-BAB1-EA460484C853}.Debug|ARM64.Build.0 = Debug|Any CPU
		{AC9690D2-BA84-4C8D-BAB1-EA460484C853}.Debug|x64.ActiveCfg = Debug|Any CPU
		{AC9690D2-BA84-4C8D-BAB1-EA460484C853}.Debug|x64.Build.0 = Debug|Any CPU
		{AC9690D2-BA84-4C8D-BAB1-EA460484C853}.Debug|x86.ActiveCfg = Debug|Any CPU
		{AC9690D2-BA84-4C8D-BAB1-EA460484C853}.Debug|x86.Build.0 = Debug|Any CPU
		{AC9690D2-BA84-4C8D-BAB1-EA460484C853}.Release|Any CPU.ActiveCfg = Release|Any CPU
		{AC9690D2-BA84-4C8D-BAB1-EA460484C853}.Release|Any CPU.Build.0 = Release|Any CPU
		{AC9690D2-BA84-4C8D-BAB1-EA460484C853}.Release|ARM.ActiveCfg = Release|Any CPU
		{AC9690D2-BA84-4C8D-BAB1-EA460484C853}.Release|ARM.Build.0 = Release|Any CPU
		{AC9690D2-BA84-4C8D-BAB1-EA460484C853}.Release|ARM64.ActiveCfg = Release|Any CPU
		{AC9690D2-BA84-4C8D-BAB1-EA460484C853}.Release|ARM64.Build.0 = Release|Any CPU
		{AC9690D2-BA84-4C8D-BAB1-EA460484C853}.Release|x64.ActiveCfg = Release|Any CPU
		{AC9690D2-BA84-4C8D-BAB1-EA460484C853}.Release|x64.Build.0 = Release|Any CPU
		{AC9690D2-BA84-4C8D-BAB1-EA460484C853}.Release|x86.ActiveCfg = Release|Any CPU
		{AC9690D2-BA84-4C8D-BAB1-EA460484C853}.Release|x86.Build.0 = Release|Any CPU
		{BC2A76EC-1DB2-4E9C-BA00-B047593E7ADE}.Debug|Any CPU.ActiveCfg = Debug|x86
		{BC2A76EC-1DB2-4E9C-BA00-B047593E7ADE}.Debug|ARM.ActiveCfg = Debug|ARM
		{BC2A76EC-1DB2-4E9C-BA00-B047593E7ADE}.Debug|ARM.Build.0 = Debug|ARM
		{BC2A76EC-1DB2-4E9C-BA00-B047593E7ADE}.Debug|ARM.Deploy.0 = Debug|ARM
		{BC2A76EC-1DB2-4E9C-BA00-B047593E7ADE}.Debug|ARM64.ActiveCfg = Debug|ARM64
		{BC2A76EC-1DB2-4E9C-BA00-B047593E7ADE}.Debug|ARM64.Build.0 = Debug|ARM64
		{BC2A76EC-1DB2-4E9C-BA00-B047593E7ADE}.Debug|ARM64.Deploy.0 = Debug|ARM64
		{BC2A76EC-1DB2-4E9C-BA00-B047593E7ADE}.Debug|x64.ActiveCfg = Debug|x64
		{BC2A76EC-1DB2-4E9C-BA00-B047593E7ADE}.Debug|x64.Build.0 = Debug|x64
		{BC2A76EC-1DB2-4E9C-BA00-B047593E7ADE}.Debug|x64.Deploy.0 = Debug|x64
		{BC2A76EC-1DB2-4E9C-BA00-B047593E7ADE}.Debug|x86.ActiveCfg = Debug|x86
		{BC2A76EC-1DB2-4E9C-BA00-B047593E7ADE}.Debug|x86.Build.0 = Debug|x86
		{BC2A76EC-1DB2-4E9C-BA00-B047593E7ADE}.Debug|x86.Deploy.0 = Debug|x86
		{BC2A76EC-1DB2-4E9C-BA00-B047593E7ADE}.Release|Any CPU.ActiveCfg = Release|x86
		{BC2A76EC-1DB2-4E9C-BA00-B047593E7ADE}.Release|ARM.ActiveCfg = Release|ARM
		{BC2A76EC-1DB2-4E9C-BA00-B047593E7ADE}.Release|ARM.Build.0 = Release|ARM
		{BC2A76EC-1DB2-4E9C-BA00-B047593E7ADE}.Release|ARM.Deploy.0 = Release|ARM
		{BC2A76EC-1DB2-4E9C-BA00-B047593E7ADE}.Release|ARM64.ActiveCfg = Release|ARM64
		{BC2A76EC-1DB2-4E9C-BA00-B047593E7ADE}.Release|ARM64.Build.0 = Release|ARM64
		{BC2A76EC-1DB2-4E9C-BA00-B047593E7ADE}.Release|ARM64.Deploy.0 = Release|ARM64
		{BC2A76EC-1DB2-4E9C-BA00-B047593E7ADE}.Release|x64.ActiveCfg = Release|x64
		{BC2A76EC-1DB2-4E9C-BA00-B047593E7ADE}.Release|x64.Build.0 = Release|x64
		{BC2A76EC-1DB2-4E9C-BA00-B047593E7ADE}.Release|x64.Deploy.0 = Release|x64
		{BC2A76EC-1DB2-4E9C-BA00-B047593E7ADE}.Release|x86.ActiveCfg = Release|x86
		{BC2A76EC-1DB2-4E9C-BA00-B047593E7ADE}.Release|x86.Build.0 = Release|x86
		{BC2A76EC-1DB2-4E9C-BA00-B047593E7ADE}.Release|x86.Deploy.0 = Release|x86
	EndGlobalSection
	GlobalSection(SolutionProperties) = preSolution
		HideSolutionNode = FALSE
	EndGlobalSection
	GlobalSection(ExtensibilityGlobals) = postSolution
		SolutionGuid = {9475E990-757D-473C-B982-C7FEF27B7002}
	EndGlobalSection
EndGlobal
